
Microsoft Visual Studio Solution File, Format Version 12.00
# Visual Studio Version 17
VisualStudioVersion = 17.4.33213.308
MinimumVisualStudioVersion = 10.0.40219.1
Project("{FAE04EC0-301F-11D3-BF4B-00C04F79EFBC}") = "ControleDeContatos", "ControleDeContatos\ControleDeContatos.csproj", "{7E9794E2-F9CB-438E-9065-A6846FF2480B}"
EndProject
Global
	GlobalSection(SolutionConfigurationPlatforms) = preSolution
		Debug|Any CPU = Debug|Any CPU
		Release|Any CPU = Release|Any CPU
	EndGlobalSection
	GlobalSection(ProjectConfigurationPlatforms) = postSolution
		{7E9794E2-F9CB-438E-9065-A6846FF2480B}.Debug|Any CPU.ActiveCfg = Debug|Any CPU
		{7E9794E2-F9CB-438E-9065-A6846FF2480B}.Debug|Any CPU.Build.0 = Debug|Any CPU
		{7E9794E2-F9CB-438E-9065-A6846FF2480B}.Release|Any CPU.ActiveCfg = Release|Any CPU
		{7E9794E2-F9CB-438E-9065-A6846FF2480B}.Release|Any CPU.Build.0 = Release|Any CPU
	EndGlobalSection
	GlobalSection(SolutionProperties) = preSolution
		HideSolutionNode = FALSE
	EndGlobalSection
	GlobalSection(ExtensibilityGlobals) = postSolution
		SolutionGuid = {3AF2BF65-2334-4861-A834-E453CA8BDBDC}
	EndGlobalSection
EndGlobal
